{
    "_readme": [
        "This file locks the dependencies of your project to a known state",
        "Read more about it at https://getcomposer.org/doc/01-basic-usage.md#installing-dependencies",
        "This file is @generated automatically"
    ],
    "content-hash": "f27ce62137e835f1818c91ad9661000f",
    "packages": [
        {
            "name": "ginger-tek/routy",
            "version": "3.8.1",
            "source": {
                "type": "git",
                "url": "https://github.com/ginger-tek/routy.git",
                "reference": "1be632b089880ec8f04e870bdd1ef678a6d8cb27"
            },
            "dist": {
                "type": "zip",
                "url": "https://api.github.com/repos/ginger-tek/routy/zipball/1be632b089880ec8f04e870bdd1ef678a6d8cb27",
                "reference": "1be632b089880ec8f04e870bdd1ef678a6d8cb27",
                "shasum": ""
            },
            "require": {
                "php": ">=8.1.0"
            },
            "type": "library",
            "autoload": {
                "psr-4": {
                    "GingerTek\\": "GingerTek"
                }
            },
            "notification-url": "https://packagist.org/downloads/",
            "license": [
                "MIT"
            ],
            "authors": [
                {
                    "name": "GingerTek",
                    "homepage": "https://github.com/ginger-tek"
                }
            ],
            "description": "A simple, robust PHP router for fast app and API development",
            "homepage": "https://github.com/ginger-tek/routy",
            "keywords": [
                "api",
                "mpa",
                "rest",
                "router",
                "routing",
                "templating"
            ],
            "support": {
                "issues": "https://github.com/ginger-tek/routy/issues",
                "source": "https://github.com/ginger-tek/routy/tree/3.8.1"
            },
            "time": "2025-07-17T22:07:40+00:00"
        }
    ],
    "packages-dev": [],
    "aliases": [],
    "minimum-stability": "stable",
    "stability-flags": [],
    "prefer-stable": false,
    "prefer-lowest": false,
    "platform": {
        "php": ">=8.3.0"
    },
    "platform-dev": [],
    "plugin-api-version": "2.6.0"
}
